// !$*UTF8*$!
{
	archiveVersion = 1;
	classes = {
	};
	objectVersion = 46;
	objects = {

/* Begin PBXBuildFile section */
		2F5B0FBD2013EEBA00303C7B /* AssemblyStore.swift in Sources */ = {isa = PBXBuildFile; fileRef = 2F5B0FBC2013EEBA00303C7B /* AssemblyStore.swift */; };
		2F5B0FC02013EED500303C7B /* FirstAssembly.swift in Sources */ = {isa = PBXBuildFile; fileRef = 2F5B0FBE2013EED500303C7B /* FirstAssembly.swift */; };
		2F5B0FC12013EED500303C7B /* SecondAssembly.swift in Sources */ = {isa = PBXBuildFile; fileRef = 2F5B0FBF2013EED500303C7B /* SecondAssembly.swift */; };
		2F5B0FC52013EF2900303C7B /* ServiceStore.swift in Sources */ = {isa = PBXBuildFile; fileRef = 2F5B0FC42013EF2900303C7B /* ServiceStore.swift */; };
		2F5B0FC72013EFDB00303C7B /* FirstService.swift in Sources */ = {isa = PBXBuildFile; fileRef = 2F5B0FC62013EFDB00303C7B /* FirstService.swift */; };
		2F5B0FC92013F12500303C7B /* ViewStore.swift in Sources */ = {isa = PBXBuildFile; fileRef = 2F5B0FC82013F12500303C7B /* ViewStore.swift */; };
		2F5B0FCD2013F14F00303C7B /* HomeViewController.storyboard in Resources */ = {isa = PBXBuildFile; fileRef = 2F5B0FCC2013F14F00303C7B /* HomeViewController.storyboard */; };
		2F5B0FCF2013F15500303C7B /* DetailViewController.storyboard in Resources */ = {isa = PBXBuildFile; fileRef = 2F5B0FCE2013F15500303C7B /* DetailViewController.storyboard */; };
		2F5B0FD32013F16A00303C7B /* HomeNavigator.swift in Sources */ = {isa = PBXBuildFile; fileRef = 2F5B0FD02013F16A00303C7B /* HomeNavigator.swift */; };
		2F5B0FD42013F16A00303C7B /* HomePresenter.swift in Sources */ = {isa = PBXBuildFile; fileRef = 2F5B0FD12013F16A00303C7B /* HomePresenter.swift */; };
		2F5B0FD52013F16A00303C7B /* HomeViewController.swift in Sources */ = {isa = PBXBuildFile; fileRef = 2F5B0FD22013F16A00303C7B /* HomeViewController.swift */; };
		2F5B0FDF2013F27100303C7B /* DetailNavigator.swift in Sources */ = {isa = PBXBuildFile; fileRef = 2F5B0FDC2013F27100303C7B /* DetailNavigator.swift */; };
		2F5B0FE02013F27100303C7B /* DetailPresenter.swift in Sources */ = {isa = PBXBuildFile; fileRef = 2F5B0FDD2013F27100303C7B /* DetailPresenter.swift */; };
		2F5B0FE12013F27100303C7B /* DetailViewController.swift in Sources */ = {isa = PBXBuildFile; fileRef = 2F5B0FDE2013F27100303C7B /* DetailViewController.swift */; };
		607FACD61AFB9204008FA782 /* AppDelegate.swift in Sources */ = {isa = PBXBuildFile; fileRef = 607FACD51AFB9204008FA782 /* AppDelegate.swift */; };
		607FACDD1AFB9204008FA782 /* Images.xcassets in Resources */ = {isa = PBXBuildFile; fileRef = 607FACDC1AFB9204008FA782 /* Images.xcassets */; };
		607FACEC1AFB9204008FA782 /* Tests.swift in Sources */ = {isa = PBXBuildFile; fileRef = 607FACEB1AFB9204008FA782 /* Tests.swift */; };
		616B1559F133DFA5F6FBCACA /* Pods_Snapify_Tests.framework in Frameworks */ = {isa = PBXBuildFile; fileRef = 207618342B288D44CC1C0868 /* Pods_Snapify_Tests.framework */; };
		91A5B1627448C6A60B3CEDD5 /* Pods_Snapify_Example.framework in Frameworks */ = {isa = PBXBuildFile; fileRef = D09497D5F5A3421302B24D3D /* Pods_Snapify_Example.framework */; };
/* End PBXBuildFile section */

/* Begin PBXContainerItemProxy section */
		607FACE61AFB9204008FA782 /* PBXContainerItemProxy */ = {
			isa = PBXContainerItemProxy;
			containerPortal = 607FACC81AFB9204008FA782 /* Project object */;
			proxyType = 1;
			remoteGlobalIDString = 607FACCF1AFB9204008FA782;
			remoteInfo = Snapify;
		};
/* End PBXContainerItemProxy section */

/* Begin PBXFileReference section */
		053D951E6427188816EAC011 /* README.md */ = {isa = PBXFileReference; includeInIndex = 1; lastKnownFileType = net.daringfireball.markdown; name = README.md; path = ../README.md; sourceTree = "<group>"; };
		082742692DF4107B8F30E714 /* Pods-Snapify_Example.debug.xcconfig */ = {isa = PBXFileReference; includeInIndex = 1; lastKnownFileType = text.xcconfig; name = "Pods-Snapify_Example.debug.xcconfig"; path = "Pods/Target Support Files/Pods-Snapify_Example/Pods-Snapify_Example.debug.xcconfig"; sourceTree = "<group>"; };
		207618342B288D44CC1C0868 /* Pods_Snapify_Tests.framework */ = {isa = PBXFileReference; explicitFileType = wrapper.framework; includeInIndex = 0; path = Pods_Snapify_Tests.framework; sourceTree = BUILT_PRODUCTS_DIR; };
		2F5B0FBC2013EEBA00303C7B /* AssemblyStore.swift */ = {isa = PBXFileReference; fileEncoding = 4; lastKnownFileType = sourcecode.swift; path = AssemblyStore.swift; sourceTree = "<group>"; };
		2F5B0FBE2013EED500303C7B /* FirstAssembly.swift */ = {isa = PBXFileReference; fileEncoding = 4; lastKnownFileType = sourcecode.swift; path = FirstAssembly.swift; sourceTree = "<group>"; };
		2F5B0FBF2013EED500303C7B /* SecondAssembly.swift */ = {isa = PBXFileReference; fileEncoding = 4; lastKnownFileType = sourcecode.swift; path = SecondAssembly.swift; sourceTree = "<group>"; };
		2F5B0FC42013EF2900303C7B /* ServiceStore.swift */ = {isa = PBXFileReference; fileEncoding = 4; lastKnownFileType = sourcecode.swift; path = ServiceStore.swift; sourceTree = "<group>"; };
		2F5B0FC62013EFDB00303C7B /* FirstService.swift */ = {isa = PBXFileReference; lastKnownFileType = sourcecode.swift; path = FirstService.swift; sourceTree = "<group>"; };
		2F5B0FC82013F12500303C7B /* ViewStore.swift */ = {isa = PBXFileReference; fileEncoding = 4; lastKnownFileType = sourcecode.swift; path = ViewStore.swift; sourceTree = "<group>"; };
		2F5B0FCC2013F14F00303C7B /* HomeViewController.storyboard */ = {isa = PBXFileReference; fileEncoding = 4; lastKnownFileType = file.storyboard; path = HomeViewController.storyboard; sourceTree = "<group>"; };
		2F5B0FCE2013F15500303C7B /* DetailViewController.storyboard */ = {isa = PBXFileReference; fileEncoding = 4; lastKnownFileType = file.storyboard; path = DetailViewController.storyboard; sourceTree = "<group>"; };
		2F5B0FD02013F16A00303C7B /* HomeNavigator.swift */ = {isa = PBXFileReference; lastKnownFileType = sourcecode.swift; path = HomeNavigator.swift; sourceTree = "<group>"; };
		2F5B0FD12013F16A00303C7B /* HomePresenter.swift */ = {isa = PBXFileReference; lastKnownFileType = sourcecode.swift; path = HomePresenter.swift; sourceTree = "<group>"; };
		2F5B0FD22013F16A00303C7B /* HomeViewController.swift */ = {isa = PBXFileReference; lastKnownFileType = sourcecode.swift; path = HomeViewController.swift; sourceTree = "<group>"; };
		2F5B0FDC2013F27100303C7B /* DetailNavigator.swift */ = {isa = PBXFileReference; lastKnownFileType = sourcecode.swift; path = DetailNavigator.swift; sourceTree = "<group>"; };
		2F5B0FDD2013F27100303C7B /* DetailPresenter.swift */ = {isa = PBXFileReference; lastKnownFileType = sourcecode.swift; path = DetailPresenter.swift; sourceTree = "<group>"; };
		2F5B0FDE2013F27100303C7B /* DetailViewController.swift */ = {isa = PBXFileReference; lastKnownFileType = sourcecode.swift; path = DetailViewController.swift; sourceTree = "<group>"; };
		3585D1452D474BCB981EC560 /* Snapify.podspec */ = {isa = PBXFileReference; includeInIndex = 1; lastKnownFileType = text; name = Snapify.podspec; path = ../Snapify.podspec; sourceTree = "<group>"; xcLanguageSpecificationIdentifier = xcode.lang.ruby; };
		607FACD01AFB9204008FA782 /* Snapify_Example.app */ = {isa = PBXFileReference; explicitFileType = wrapper.application; includeInIndex = 0; path = Snapify_Example.app; sourceTree = BUILT_PRODUCTS_DIR; };
		607FACD41AFB9204008FA782 /* Info.plist */ = {isa = PBXFileReference; lastKnownFileType = text.plist.xml; path = Info.plist; sourceTree = "<group>"; };
		607FACD51AFB9204008FA782 /* AppDelegate.swift */ = {isa = PBXFileReference; lastKnownFileType = sourcecode.swift; path = AppDelegate.swift; sourceTree = "<group>"; };
		607FACDC1AFB9204008FA782 /* Images.xcassets */ = {isa = PBXFileReference; lastKnownFileType = folder.assetcatalog; path = Images.xcassets; sourceTree = "<group>"; };
		607FACE51AFB9204008FA782 /* Snapify_Tests.xctest */ = {isa = PBXFileReference; explicitFileType = wrapper.cfbundle; includeInIndex = 0; path = Snapify_Tests.xctest; sourceTree = BUILT_PRODUCTS_DIR; };
		607FACEA1AFB9204008FA782 /* Info.plist */ = {isa = PBXFileReference; lastKnownFileType = text.plist.xml; path = Info.plist; sourceTree = "<group>"; };
		607FACEB1AFB9204008FA782 /* Tests.swift */ = {isa = PBXFileReference; lastKnownFileType = sourcecode.swift; path = Tests.swift; sourceTree = "<group>"; };
		98CD8BCDD50A608A996C2114 /* Pods-Snapify_Example.release.xcconfig */ = {isa = PBXFileReference; includeInIndex = 1; lastKnownFileType = text.xcconfig; name = "Pods-Snapify_Example.release.xcconfig"; path = "Pods/Target Support Files/Pods-Snapify_Example/Pods-Snapify_Example.release.xcconfig"; sourceTree = "<group>"; };
		C5E4E09A5B1953C2FC58238C /* Pods-Snapify_Tests.debug.xcconfig */ = {isa = PBXFileReference; includeInIndex = 1; lastKnownFileType = text.xcconfig; name = "Pods-Snapify_Tests.debug.xcconfig"; path = "Pods/Target Support Files/Pods-Snapify_Tests/Pods-Snapify_Tests.debug.xcconfig"; sourceTree = "<group>"; };
		D09497D5F5A3421302B24D3D /* Pods_Snapify_Example.framework */ = {isa = PBXFileReference; explicitFileType = wrapper.framework; includeInIndex = 0; path = Pods_Snapify_Example.framework; sourceTree = BUILT_PRODUCTS_DIR; };
		E6E61DEDEFBF3B5856F3E162 /* LICENSE */ = {isa = PBXFileReference; includeInIndex = 1; lastKnownFileType = text; name = LICENSE; path = ../LICENSE; sourceTree = "<group>"; };
		F83F112E3022E75AA97DF979 /* Pods-Snapify_Tests.release.xcconfig */ = {isa = PBXFileReference; includeInIndex = 1; lastKnownFileType = text.xcconfig; name = "Pods-Snapify_Tests.release.xcconfig"; path = "Pods/Target Support Files/Pods-Snapify_Tests/Pods-Snapify_Tests.release.xcconfig"; sourceTree = "<group>"; };
/* End PBXFileReference section */

/* Begin PBXFrameworksBuildPhase section */
		607FACCD1AFB9204008FA782 /* Frameworks */ = {
			isa = PBXFrameworksBuildPhase;
			buildActionMask = 2147483647;
			files = (
				91A5B1627448C6A60B3CEDD5 /* Pods_Snapify_Example.framework in Frameworks */,
			);
			runOnlyForDeploymentPostprocessing = 0;
		};
		607FACE21AFB9204008FA782 /* Frameworks */ = {
			isa = PBXFrameworksBuildPhase;
			buildActionMask = 2147483647;
			files = (
				616B1559F133DFA5F6FBCACA /* Pods_Snapify_Tests.framework in Frameworks */,
			);
			runOnlyForDeploymentPostprocessing = 0;
		};
/* End PBXFrameworksBuildPhase section */

/* Begin PBXGroup section */
		0BEE91CC40CD4C477C3C763B /* Pods */ = {
			isa = PBXGroup;
			children = (
				082742692DF4107B8F30E714 /* Pods-Snapify_Example.debug.xcconfig */,
				98CD8BCDD50A608A996C2114 /* Pods-Snapify_Example.release.xcconfig */,
				C5E4E09A5B1953C2FC58238C /* Pods-Snapify_Tests.debug.xcconfig */,
				F83F112E3022E75AA97DF979 /* Pods-Snapify_Tests.release.xcconfig */,
			);
			name = Pods;
			sourceTree = "<group>";
		};
		2F5B0FB82013EE5700303C7B /* Main */ = {
			isa = PBXGroup;
			children = (
				607FACD51AFB9204008FA782 /* AppDelegate.swift */,
			);
			name = Main;
			sourceTree = "<group>";
		};
		2F5B0FB92013EE6300303C7B /* View */ = {
			isa = PBXGroup;
			children = (
				2F5B0FCB2013F13A00303C7B /* Detail */,
				2F5B0FCA2013F13500303C7B /* Home */,
				2F5B0FC82013F12500303C7B /* ViewStore.swift */,
			);
			name = View;
			sourceTree = "<group>";
		};
		2F5B0FBA2013EE8F00303C7B /* Service */ = {
			isa = PBXGroup;
			children = (
				2F5B0FC42013EF2900303C7B /* ServiceStore.swift */,
				2F5B0FC62013EFDB00303C7B /* FirstService.swift */,
			);
			name = Service;
			sourceTree = "<group>";
		};
		2F5B0FBB2013EE9B00303C7B /* Assembly */ = {
			isa = PBXGroup;
			children = (
				2F5B0FBC2013EEBA00303C7B /* AssemblyStore.swift */,
				2F5B0FBE2013EED500303C7B /* FirstAssembly.swift */,
				2F5B0FBF2013EED500303C7B /* SecondAssembly.swift */,
			);
			name = Assembly;
			sourceTree = "<group>";
		};
		2F5B0FCA2013F13500303C7B /* Home */ = {
			isa = PBXGroup;
			children = (
				2F5B0FCC2013F14F00303C7B /* HomeViewController.storyboard */,
				2F5B0FD02013F16A00303C7B /* HomeNavigator.swift */,
				2F5B0FD12013F16A00303C7B /* HomePresenter.swift */,
				2F5B0FD22013F16A00303C7B /* HomeViewController.swift */,
			);
			name = Home;
			sourceTree = "<group>";
		};
		2F5B0FCB2013F13A00303C7B /* Detail */ = {
			isa = PBXGroup;
			children = (
				2F5B0FCE2013F15500303C7B /* DetailViewController.storyboard */,
				2F5B0FDC2013F27100303C7B /* DetailNavigator.swift */,
				2F5B0FDD2013F27100303C7B /* DetailPresenter.swift */,
				2F5B0FDE2013F27100303C7B /* DetailViewController.swift */,
			);
			name = Detail;
			sourceTree = "<group>";
		};
		607FACC71AFB9204008FA782 = {
			isa = PBXGroup;
			children = (
				607FACF51AFB993E008FA782 /* Podspec Metadata */,
				607FACD21AFB9204008FA782 /* Example for Snapify */,
				607FACE81AFB9204008FA782 /* Tests */,
				607FACD11AFB9204008FA782 /* Products */,
				0BEE91CC40CD4C477C3C763B /* Pods */,
				AAB0609BE98B214C4C032AB4 /* Frameworks */,
			);
			sourceTree = "<group>";
		};
		607FACD11AFB9204008FA782 /* Products */ = {
			isa = PBXGroup;
			children = (
				607FACD01AFB9204008FA782 /* Snapify_Example.app */,
				607FACE51AFB9204008FA782 /* Snapify_Tests.xctest */,
			);
			name = Products;
			sourceTree = "<group>";
		};
		607FACD21AFB9204008FA782 /* Example for Snapify */ = {
			isa = PBXGroup;
			children = (
				2F5B0FBB2013EE9B00303C7B /* Assembly */,
				2F5B0FBA2013EE8F00303C7B /* Service */,
				2F5B0FB92013EE6300303C7B /* View */,
				2F5B0FB82013EE5700303C7B /* Main */,
				607FACD31AFB9204008FA782 /* Supporting Files */,
			);
			name = "Example for Snapify";
			path = Snapify;
			sourceTree = "<group>";
		};
		607FACD31AFB9204008FA782 /* Supporting Files */ = {
			isa = PBXGroup;
			children = (
				607FACDC1AFB9204008FA782 /* Images.xcassets */,
				607FACD41AFB9204008FA782 /* Info.plist */,
			);
			name = "Supporting Files";
			sourceTree = "<group>";
		};
		607FACE81AFB9204008FA782 /* Tests */ = {
			isa = PBXGroup;
			children = (
				607FACEB1AFB9204008FA782 /* Tests.swift */,
				607FACE91AFB9204008FA782 /* Supporting Files */,
			);
			path = Tests;
			sourceTree = "<group>";
		};
		607FACE91AFB9204008FA782 /* Supporting Files */ = {
			isa = PBXGroup;
			children = (
				607FACEA1AFB9204008FA782 /* Info.plist */,
			);
			name = "Supporting Files";
			sourceTree = "<group>";
		};
		607FACF51AFB993E008FA782 /* Podspec Metadata */ = {
			isa = PBXGroup;
			children = (
				3585D1452D474BCB981EC560 /* Snapify.podspec */,
				053D951E6427188816EAC011 /* README.md */,
				E6E61DEDEFBF3B5856F3E162 /* LICENSE */,
			);
			name = "Podspec Metadata";
			sourceTree = "<group>";
		};
		AAB0609BE98B214C4C032AB4 /* Frameworks */ = {
			isa = PBXGroup;
			children = (
				D09497D5F5A3421302B24D3D /* Pods_Snapify_Example.framework */,
				207618342B288D44CC1C0868 /* Pods_Snapify_Tests.framework */,
			);
			name = Frameworks;
			sourceTree = "<group>";
		};
/* End PBXGroup section */

/* Begin PBXNativeTarget section */
		607FACCF1AFB9204008FA782 /* Snapify_Example */ = {
			isa = PBXNativeTarget;
			buildConfigurationList = 607FACEF1AFB9204008FA782 /* Build configuration list for PBXNativeTarget "Snapify_Example" */;
			buildPhases = (
				9A7AE6512CC4503CCAE31FCE /* [CP] Check Pods Manifest.lock */,
				607FACCC1AFB9204008FA782 /* Sources */,
				607FACCD1AFB9204008FA782 /* Frameworks */,
				607FACCE1AFB9204008FA782 /* Resources */,
				216FD4324C594304BC19510A /* [CP] Embed Pods Frameworks */,
			);
			buildRules = (
			);
			dependencies = (
			);
			name = Snapify_Example;
			productName = Snapify;
			productReference = 607FACD01AFB9204008FA782 /* Snapify_Example.app */;
			productType = "com.apple.product-type.application";
		};
		607FACE41AFB9204008FA782 /* Snapify_Tests */ = {
			isa = PBXNativeTarget;
			buildConfigurationList = 607FACF21AFB9204008FA782 /* Build configuration list for PBXNativeTarget "Snapify_Tests" */;
			buildPhases = (
				306306127441E6E193B9C1C4 /* [CP] Check Pods Manifest.lock */,
				607FACE11AFB9204008FA782 /* Sources */,
				607FACE21AFB9204008FA782 /* Frameworks */,
				607FACE31AFB9204008FA782 /* Resources */,
			);
			buildRules = (
			);
			dependencies = (
				607FACE71AFB9204008FA782 /* PBXTargetDependency */,
			);
			name = Snapify_Tests;
			productName = Tests;
			productReference = 607FACE51AFB9204008FA782 /* Snapify_Tests.xctest */;
			productType = "com.apple.product-type.bundle.unit-test";
		};
/* End PBXNativeTarget section */

/* Begin PBXProject section */
		607FACC81AFB9204008FA782 /* Project object */ = {
			isa = PBXProject;
			attributes = {
				LastSwiftUpdateCheck = 0830;
				LastUpgradeCheck = 1020;
				ORGANIZATIONNAME = CocoaPods;
				TargetAttributes = {
					607FACCF1AFB9204008FA782 = {
						CreatedOnToolsVersion = 6.3.1;
						LastSwiftMigration = 1020;
					};
					607FACE41AFB9204008FA782 = {
						CreatedOnToolsVersion = 6.3.1;
						LastSwiftMigration = 1020;
						TestTargetID = 607FACCF1AFB9204008FA782;
					};
				};
			};
			buildConfigurationList = 607FACCB1AFB9204008FA782 /* Build configuration list for PBXProject "Snapify" */;
			compatibilityVersion = "Xcode 3.2";
			developmentRegion = en;
			hasScannedForEncodings = 0;
			knownRegions = (
				en,
				Base,
			);
			mainGroup = 607FACC71AFB9204008FA782;
			productRefGroup = 607FACD11AFB9204008FA782 /* Products */;
			projectDirPath = "";
			projectRoot = "";
			targets = (
				607FACCF1AFB9204008FA782 /* Snapify_Example */,
				607FACE41AFB9204008FA782 /* Snapify_Tests */,
			);
		};
/* End PBXProject section */

/* Begin PBXResourcesBuildPhase section */
		607FACCE1AFB9204008FA782 /* Resources */ = {
			isa = PBXResourcesBuildPhase;
			buildActionMask = 2147483647;
			files = (
				2F5B0FCD2013F14F00303C7B /* HomeViewController.storyboard in Resources */,
				2F5B0FCF2013F15500303C7B /* DetailViewController.storyboard in Resources */,
				607FACDD1AFB9204008FA782 /* Images.xcassets in Resources */,
			);
			runOnlyForDeploymentPostprocessing = 0;
		};
		607FACE31AFB9204008FA782 /* Resources */ = {
			isa = PBXResourcesBuildPhase;
			buildActionMask = 2147483647;
			files = (
			);
			runOnlyForDeploymentPostprocessing = 0;
		};
/* End PBXResourcesBuildPhase section */

/* Begin PBXShellScriptBuildPhase section */
		216FD4324C594304BC19510A /* [CP] Embed Pods Frameworks */ = {
			isa = PBXShellScriptBuildPhase;
			buildActionMask = 2147483647;
			files = (
			);
			inputPaths = (
				"${PODS_ROOT}/Target Support Files/Pods-Snapify_Example/Pods-Snapify_Example-frameworks.sh",
				"${BUILT_PRODUCTS_DIR}/Snapify/Snapify.framework",
			);
			name = "[CP] Embed Pods Frameworks";
			outputPaths = (
				"${TARGET_BUILD_DIR}/${FRAMEWORKS_FOLDER_PATH}/Snapify.framework",
			);
			runOnlyForDeploymentPostprocessing = 0;
			shellPath = /bin/sh;
			shellScript = "\"${PODS_ROOT}/Target Support Files/Pods-Snapify_Example/Pods-Snapify_Example-frameworks.sh\"\n";
			showEnvVarsInLog = 0;
		};
		306306127441E6E193B9C1C4 /* [CP] Check Pods Manifest.lock */ = {
			isa = PBXShellScriptBuildPhase;
			buildActionMask = 2147483647;
			files = (
			);
			inputPaths = (
				"${PODS_PODFILE_DIR_PATH}/Podfile.lock",
				"${PODS_ROOT}/Manifest.lock",
			);
			name = "[CP] Check Pods Manifest.lock";
			outputPaths = (
				"$(DERIVED_FILE_DIR)/Pods-Snapify_Tests-checkManifestLockResult.txt",
			);
			runOnlyForDeploymentPostprocessing = 0;
			shellPath = /bin/sh;
			shellScript = "diff \"${PODS_PODFILE_DIR_PATH}/Podfile.lock\" \"${PODS_ROOT}/Manifest.lock\" > /dev/null\nif [ $? != 0 ] ; then\n    # print error to STDERR\n    echo \"error: The sandbox is not in sync with the Podfile.lock. Run 'pod install' or update your CocoaPods installation.\" >&2\n    exit 1\nfi\n# This output is used by Xcode 'outputs' to avoid re-running this script phase.\necho \"SUCCESS\" > \"${SCRIPT_OUTPUT_FILE_0}\"\n";
			showEnvVarsInLog = 0;
		};
		9A7AE6512CC4503CCAE31FCE /* [CP] Check Pods Manifest.lock */ = {
			isa = PBXShellScriptBuildPhase;
			buildActionMask = 2147483647;
			files = (
			);
			inputPaths = (
				"${PODS_PODFILE_DIR_PATH}/Podfile.lock",
				"${PODS_ROOT}/Manifest.lock",
			);
			name = "[CP] Check Pods Manifest.lock";
			outputPaths = (
				"$(DERIVED_FILE_DIR)/Pods-Snapify_Example-checkManifestLockResult.txt",
			);
			runOnlyForDeploymentPostprocessing = 0;
			shellPath = /bin/sh;
			shellScript = "diff \"${PODS_PODFILE_DIR_PATH}/Podfile.lock\" \"${PODS_ROOT}/Manifest.lock\" > /dev/null\nif [ $? != 0 ] ; then\n    # print error to STDERR\n    echo \"error: The sandbox is not in sync with the Podfile.lock. Run 'pod install' or update your CocoaPods installation.\" >&2\n    exit 1\nfi\n# This output is used by Xcode 'outputs' to avoid re-running this script phase.\necho \"SUCCESS\" > \"${SCRIPT_OUTPUT_FILE_0}\"\n";
			showEnvVarsInLog = 0;
		};
/* End PBXShellScriptBuildPhase section */

/* Begin PBXSourcesBuildPhase section */
		607FACCC1AFB9204008FA782 /* Sources */ = {
			isa = PBXSourcesBuildPhase;
			buildActionMask = 2147483647;
			files = (
				2F5B0FE12013F27100303C7B /* DetailViewController.swift in Sources */,
				2F5B0FC02013EED500303C7B /* FirstAssembly.swift in Sources */,
				607FACD61AFB9204008FA782 /* AppDelegate.swift in Sources */,
				2F5B0FD32013F16A00303C7B /* HomeNavigator.swift in Sources */,
				2F5B0FC72013EFDB00303C7B /* FirstService.swift in Sources */,
				2F5B0FDF2013F27100303C7B /* DetailNavigator.swift in Sources */,
				2F5B0FBD2013EEBA00303C7B /* AssemblyStore.swift in Sources */,
				2F5B0FD52013F16A00303C7B /* HomeViewController.swift in Sources */,
				2F5B0FC92013F12500303C7B /* ViewStore.swift in Sources */,
				2F5B0FD42013F16A00303C7B /* HomePresenter.swift in Sources */,
				2F5B0FC52013EF2900303C7B /* ServiceStore.swift in Sources */,
				2F5B0FC12013EED500303C7B /* SecondAssembly.swift in Sources */,
				2F5B0FE02013F27100303C7B /* DetailPresenter.swift in Sources */,
			);
			runOnlyForDeploymentPostprocessing = 0;
		};
		607FACE11AFB9204008FA782 /* Sources */ = {
			isa = PBXSourcesBuildPhase;
			buildActionMask = 2147483647;
			files = (
				607FACEC1AFB9204008FA782 /* Tests.swift in Sources */,
			);
			runOnlyForDeploymentPostprocessing = 0;
		};
/* End PBXSourcesBuildPhase section */

/* Begin PBXTargetDependency section */
		607FACE71AFB9204008FA782 /* PBXTargetDependency */ = {
			isa = PBXTargetDependency;
			target = 607FACCF1AFB9204008FA782 /* Snapify_Example */;
			targetProxy = 607FACE61AFB9204008FA782 /* PBXContainerItemProxy */;
		};
/* End PBXTargetDependency section */

/* Begin XCBuildConfiguration section */
		607FACED1AFB9204008FA782 /* Debug */ = {
			isa = XCBuildConfiguration;
			buildSettings = {
				ALWAYS_SEARCH_USER_PATHS = NO;
				CLANG_ANALYZER_LOCALIZABILITY_NONLOCALIZED = YES;
				CLANG_CXX_LANGUAGE_STANDARD = "gnu++0x";
				CLANG_CXX_LIBRARY = "libc++";
				CLANG_ENABLE_MODULES = YES;
				CLANG_ENABLE_OBJC_ARC = YES;
				CLANG_WARN_BLOCK_CAPTURE_AUTORELEASING = YES;
				CLANG_WARN_BOOL_CONVERSION = YES;
				CLANG_WARN_COMMA = YES;
				CLANG_WARN_CONSTANT_CONVERSION = YES;
				CLANG_WARN_DEPRECATED_OBJC_IMPLEMENTATIONS = YES;
				CLANG_WARN_DIRECT_OBJC_ISA_USAGE = YES_ERROR;
				CLANG_WARN_EMPTY_BODY = YES;
				CLANG_WARN_ENUM_CONVERSION = YES;
				CLANG_WARN_INFINITE_RECURSION = YES;
				CLANG_WARN_INT_CONVERSION = YES;
				CLANG_WARN_NON_LITERAL_NULL_CONVERSION = YES;
				CLANG_WARN_OBJC_IMPLICIT_RETAIN_SELF = YES;
				CLANG_WARN_OBJC_LITERAL_CONVERSION = YES;
				CLANG_WARN_OBJC_ROOT_CLASS = YES_ERROR;
				CLANG_WARN_RANGE_LOOP_ANALYSIS = YES;
				CLANG_WARN_STRICT_PROTOTYPES = YES;
				CLANG_WARN_SUSPICIOUS_MOVE = YES;
				CLANG_WARN_UNREACHABLE_CODE = YES;
				CLANG_WARN__DUPLICATE_METHOD_MATCH = YES;
				"CODE_SIGN_IDENTITY[sdk=iphoneos*]" = "iPhone Developer";
				COPY_PHASE_STRIP = NO;
				DEBUG_INFORMATION_FORMAT = "dwarf-with-dsym";
				ENABLE_STRICT_OBJC_MSGSEND = YES;
				ENABLE_TESTABILITY = YES;
				GCC_C_LANGUAGE_STANDARD = gnu99;
				GCC_DYNAMIC_NO_PIC = NO;
				GCC_NO_COMMON_BLOCKS = YES;
				GCC_OPTIMIZATION_LEVEL = 0;
				GCC_PREPROCESSOR_DEFINITIONS = (
					"DEBUG=1",
					"$(inherited)",
				);
				GCC_SYMBOLS_PRIVATE_EXTERN = NO;
				GCC_WARN_64_TO_32_BIT_CONVERSION = YES;
				GCC_WARN_ABOUT_RETURN_TYPE = YES_ERROR;
				GCC_WARN_UNDECLARED_SELECTOR = YES;
				GCC_WARN_UNINITIALIZED_AUTOS = YES_AGGRESSIVE;
				GCC_WARN_UNUSED_FUNCTION = YES;
				GCC_WARN_UNUSED_VARIABLE = YES;
				IPHONEOS_DEPLOYMENT_TARGET = 9.3;
				MTL_ENABLE_DEBUG_INFO = YES;
				ONLY_ACTIVE_ARCH = YES;
				SDKROOT = iphoneos;
				SWIFT_OPTIMIZATION_LEVEL = "-Onone";
			};
			name = Debug;
		};
		607FACEE1AFB9204008FA782 /* Release */ = {
			isa = XCBuildConfiguration;
			buildSettings = {
				ALWAYS_SEARCH_USER_PATHS = NO;
				CLANG_ANALYZER_LOCALIZABILITY_NONLOCALIZED = YES;
				CLANG_CXX_LANGUAGE_STANDARD = "gnu++0x";
				CLANG_CXX_LIBRARY = "libc++";
				CLANG_ENABLE_MODULES = YES;
				CLANG_ENABLE_OBJC_ARC = YES;
				CLANG_WARN_BLOCK_CAPTURE_AUTORELEASING = YES;
				CLANG_WARN_BOOL_CONVERSION = YES;
				CLANG_WARN_COMMA = YES;
				CLANG_WARN_CONSTANT_CONVERSION = YES;
				CLANG_WARN_DEPRECATED_OBJC_IMPLEMENTATIONS = YES;
				CLANG_WARN_DIRECT_OBJC_ISA_USAGE = YES_ERROR;
				CLANG_WARN_EMPTY_BODY = YES;
				CLANG_WARN_ENUM_CONVERSION = YES;
				CLANG_WARN_INFINITE_RECURSION = YES;
				CLANG_WARN_INT_CONVERSION = YES;
				CLANG_WARN_NON_LITERAL_NULL_CONVERSION = YES;
				CLANG_WARN_OBJC_IMPLICIT_RETAIN_SELF = YES;
				CLANG_WARN_OBJC_LITERAL_CONVERSION = YES;
				CLANG_WARN_OBJC_ROOT_CLASS = YES_ERROR;
				CLANG_WARN_RANGE_LOOP_ANALYSIS = YES;
				CLANG_WARN_STRICT_PROTOTYPES = YES;
				CLANG_WARN_SUSPICIOUS_MOVE = YES;
				CLANG_WARN_UNREACHABLE_CODE = YES;
				CLANG_WARN__DUPLICATE_METHOD_MATCH = YES;
				"CODE_SIGN_IDENTITY[sdk=iphoneos*]" = "iPhone Developer";
				COPY_PHASE_STRIP = NO;
				DEBUG_INFORMATION_FORMAT = "dwarf-with-dsym";
				ENABLE_NS_ASSERTIONS = NO;
				ENABLE_STRICT_OBJC_MSGSEND = YES;
				GCC_C_LANGUAGE_STANDARD = gnu99;
				GCC_NO_COMMON_BLOCKS = YES;
				GCC_WARN_64_TO_32_BIT_CONVERSION = YES;
				GCC_WARN_ABOUT_RETURN_TYPE = YES_ERROR;
				GCC_WARN_UNDECLARED_SELECTOR = YES;
				GCC_WARN_UNINITIALIZED_AUTOS = YES_AGGRESSIVE;
				GCC_WARN_UNUSED_FUNCTION = YES;
				GCC_WARN_UNUSED_VARIABLE = YES;
				IPHONEOS_DEPLOYMENT_TARGET = 9.3;
				MTL_ENABLE_DEBUG_INFO = NO;
				SDKROOT = iphoneos;
				SWIFT_OPTIMIZATION_LEVEL = "-Owholemodule";
				VALIDATE_PRODUCT = YES;
			};
			name = Release;
		};
		607FACF01AFB9204008FA782 /* Debug */ = {
			isa = XCBuildConfiguration;
			baseConfigurationReference = 082742692DF4107B8F30E714 /* Pods-Snapify_Example.debug.xcconfig */;
			buildSettings = {
				ASSETCATALOG_COMPILER_APPICON_NAME = AppIcon;
				INFOPLIST_FILE = Snapify/Info.plist;
				IPHONEOS_DEPLOYMENT_TARGET = 9.3;
				LD_RUNPATH_SEARCH_PATHS = "$(inherited) @executable_path/Frameworks";
				MODULE_NAME = ExampleApp;
				PRODUCT_BUNDLE_IDENTIFIER = "org.cocoapods.demo.$(PRODUCT_NAME:rfc1034identifier)";
				PRODUCT_NAME = "$(TARGET_NAME)";
				SWIFT_VERSION = 5.0;
				access_control_ext_member_redundant = NO;
			};
			name = Debug;
		};
		607FACF11AFB9204008FA782 /* Release */ = {
			isa = XCBuildConfiguration;
			baseConfigurationReference = 98CD8BCDD50A608A996C2114 /* Pods-Snapify_Example.release.xcconfig */;
			buildSettings = {
				ASSETCATALOG_COMPILER_APPICON_NAME = AppIcon;
				INFOPLIST_FILE = Snapify/Info.plist;
				IPHONEOS_DEPLOYMENT_TARGET = 9.3;
				LD_RUNPATH_SEARCH_PATHS = "$(inherited) @executable_path/Frameworks";
				MODULE_NAME = ExampleApp;
				PRODUCT_BUNDLE_IDENTIFIER = "org.cocoapods.demo.$(PRODUCT_NAME:rfc1034identifier)";
				PRODUCT_NAME = "$(TARGET_NAME)";
				SWIFT_VERSION = 5.0;
				access_control_ext_member_redundant = NO;
			};
			name = Release;
		};
		607FACF31AFB9204008FA782 /* Debug */ = {
			isa = XCBuildConfiguration;
			baseConfigurationReference = C5E4E09A5B1953C2FC58238C /* Pods-Snapify_Tests.debug.xcconfig */;
			buildSettings = {
				FRAMEWORK_SEARCH_PATHS = (
					"$(SDKROOT)/Developer/Library/Frameworks",
					"$(inherited)",
				);
				GCC_PREPROCESSOR_DEFINITIONS = (
					"DEBUG=1",
					"$(inherited)",
				);
				INFOPLIST_FILE = Tests/Info.plist;
				LD_RUNPATH_SEARCH_PATHS = "$(inherited) @executable_path/Frameworks @loader_path/Frameworks";
				PRODUCT_BUNDLE_IDENTIFIER = "org.cocoapods.$(PRODUCT_NAME:rfc1034identifier)";
				PRODUCT_NAME = "$(TARGET_NAME)";
				SWIFT_VERSION = 5.0;
			};
			name = Debug;
		};
		607FACF41AFB9204008FA782 /* Release */ = {
			isa = XCBuildConfiguration;
			baseConfigurationReference = F83F112E3022E75AA97DF979 /* Pods-Snapify_Tests.release.xcconfig */;
			buildSettings = {
				FRAMEWORK_SEARCH_PATHS = (
					"$(SDKROOT)/Developer/Library/Frameworks",
					"$(inherited)",
				);
				INFOPLIST_FILE = Tests/Info.plist;
				LD_RUNPATH_SEARCH_PATHS = "$(inherited) @executable_path/Frameworks @loader_path/Frameworks";
				PRODUCT_BUNDLE_IDENTIFIER = "org.cocoapods.$(PRODUCT_NAME:rfc1034identifier)";
				PRODUCT_NAME = "$(TARGET_NAME)";
				SWIFT_VERSION = 5.0;
			};
			name = Release;
		};
/* End XCBuildConfiguration section */

/* Begin XCConfigurationList section */
		607FACCB1AFB9204008FA782 /* Build configuration list for PBXProject "Snapify" */ = {
			isa = XCConfigurationList;
			buildConfigurations = (
				607FACED1AFB9204008FA782 /* Debug */,
				607FACEE1AFB9204008FA782 /* Release */,
			);
			defaultConfigurationIsVisible = 0;
			defaultConfigurationName = Release;
		};
		607FACEF1AFB9204008FA782 /* Build configuration list for PBXNativeTarget "Snapify_Example" */ = {
			isa = XCConfigurationList;
			buildConfigurations = (
				607FACF01AFB9204008FA782 /* Debug */,
				607FACF11AFB9204008FA782 /* Release */,
			);
			defaultConfigurationIsVisible = 0;
			defaultConfigurationName = Release;
		};
		607FACF21AFB9204008FA782 /* Build configuration list for PBXNativeTarget "Snapify_Tests" */ = {
			isa = XCConfigurationList;
			buildConfigurations = (
				607FACF31AFB9204008FA782 /* Debug */,
				607FACF41AFB9204008FA782 /* Release */,
			);
			defaultConfigurationIsVisible = 0;
			defaultConfigurationName = Release;
		};
/* End XCConfigurationList section */
	};
	rootObject = 607FACC81AFB9204008FA782 /* Project object */;
}
